// !$*UTF8*$!
{
	archiveVersion = 1;
	classes = {
	};
	objectVersion = 56;
	objects = {

/* Begin PBXBuildFile section */
		53DB3B7B2C6CC918000D9960 /* AppDelegate.m in Sources */ = {isa = PBXBuildFile; fileRef = 53DB3B7A2C6CC918000D9960 /* AppDelegate.m */; };
		53DB3B7E2C6CC918000D9960 /* SceneDelegate.m in Sources */ = {isa = PBXBuildFile; fileRef = 53DB3B7D2C6CC918000D9960 /* SceneDelegate.m */; };
		53DB3B812C6CC918000D9960 /* ViewController.m in Sources */ = {isa = PBXBuildFile; fileRef = 53DB3B802C6CC918000D9960 /* ViewController.m */; };
		53DB3B842C6CC918000D9960 /* Base in Resources */ = {isa = PBXBuildFile; fileRef = 53DB3B832C6CC918000D9960 /* Base */; };
		53DB3B862C6CC919000D9960 /* Assets.xcassets in Resources */ = {isa = PBXBuildFile; fileRef = 53DB3B852C6CC919000D9960 /* Assets.xcassets */; };
		53DB3B892C6CC919000D9960 /* Base in Resources */ = {isa = PBXBuildFile; fileRef = 53DB3B882C6CC919000D9960 /* Base */; };
		53DB3B8C2C6CC919000D9960 /* main.m in Sources */ = {isa = PBXBuildFile; fileRef = 53DB3B8B2C6CC919000D9960 /* main.m */; };
		53DB3B952C6D9F02000D9960 /* XXToast.m in Sources */ = {isa = PBXBuildFile; fileRef = 53DB3B932C6D9F02000D9960 /* XXToast.m */; };
/* End PBXBuildFile section */

/* Begin PBXFileReference section */
		53DB3B762C6CC918000D9960 /* xxtoastdemo.app */ = {isa = PBXFileReference; explicitFileType = wrapper.application; includeInIndex = 0; path = xxtoastdemo.app; sourceTree = BUILT_PRODUCTS_DIR; };
		53DB3B792C6CC918000D9960 /* AppDelegate.h */ = {isa = PBXFileReference; lastKnownFileType = sourcecode.c.h; path = AppDelegate.h; sourceTree = "<group>"; };
		53DB3B7A2C6CC918000D9960 /* AppDelegate.m */ = {isa = PBXFileReference; lastKnownFileType = sourcecode.c.objc; path = AppDelegate.m; sourceTree = "<group>"; };
		53DB3B7C2C6CC918000D9960 /* SceneDelegate.h */ = {isa = PBXFileReference; lastKnownFileType = sourcecode.c.h; path = SceneDelegate.h; sourceTree = "<group>"; };
		53DB3B7D2C6CC918000D9960 /* SceneDelegate.m */ = {isa = PBXFileReference; lastKnownFileType = sourcecode.c.objc; path = SceneDelegate.m; sourceTree = "<group>"; };
		53DB3B7F2C6CC918000D9960 /* ViewController.h */ = {isa = PBXFileReference; lastKnownFileType = sourcecode.c.h; path = ViewController.h; sourceTree = "<group>"; };
		53DB3B802C6CC918000D9960 /* ViewController.m */ = {isa = PBXFileReference; lastKnownFileType = sourcecode.c.objc; path = ViewController.m; sourceTree = "<group>"; };
		53DB3B832C6CC918000D9960 /* Base */ = {isa = PBXFileReference; lastKnownFileType = file.storyboard; name = Base; path = Base.lproj/Main.storyboard; sourceTree = "<group>"; };
		53DB3B852C6CC919000D9960 /* Assets.xcassets */ = {isa = PBXFileReference; lastKnownFileType = folder.assetcatalog; path = Assets.xcassets; sourceTree = "<group>"; };
		53DB3B882C6CC919000D9960 /* Base */ = {isa = PBXFileReference; lastKnownFileType = file.storyboard; name = Base; path = Base.lproj/LaunchScreen.storyboard; sourceTree = "<group>"; };
		53DB3B8A2C6CC919000D9960 /* Info.plist */ = {isa = PBXFileReference; lastKnownFileType = text.plist.xml; path = Info.plist; sourceTree = "<group>"; };
		53DB3B8B2C6CC919000D9960 /* main.m */ = {isa = PBXFileReference; lastKnownFileType = sourcecode.c.objc; path = main.m; sourceTree = "<group>"; };
		53DB3B922C6D9F02000D9960 /* XXToast.h */ = {isa = PBXFileReference; fileEncoding = 4; lastKnownFileType = sourcecode.c.h; path = XXToast.h; sourceTree = "<group>"; };
		53DB3B932C6D9F02000D9960 /* XXToast.m */ = {isa = PBXFileReference; fileEncoding = 4; lastKnownFileType = sourcecode.c.objc; path = XXToast.m; sourceTree = "<group>"; };
/* End PBXFileReference section */

/* Begin PBXFrameworksBuildPhase section */
		53DB3B732C6CC918000D9960 /* Frameworks */ = {
			isa = PBXFrameworksBuildPhase;
			buildActionMask = 2147483647;
			files = (
			);
			runOnlyForDeploymentPostprocessing = 0;
		};
/* End PBXFrameworksBuildPhase section */

/* Begin PBXGroup section */
		53DB3B6D2C6CC918000D9960 = {
			isa = PBXGroup;
			children = (
				53DB3B782C6CC918000D9960 /* xxtoastdemo */,
				53DB3B772C6CC918000D9960 /* Products */,
			);
			sourceTree = "<group>";
		};
		53DB3B772C6CC918000D9960 /* Products */ = {
			isa = PBXGroup;
			children = (
				53DB3B762C6CC918000D9960 /* xxtoastdemo.app */,
			);
			name = Products;
			sourceTree = "<group>";
		};
		53DB3B782C6CC918000D9960 /* xxtoastdemo */ = {
			isa = PBXGroup;
			children = (
				53DB3B942C6D9F02000D9960 /* XXToast */,
				53DB3B792C6CC918000D9960 /* AppDelegate.h */,
				53DB3B7A2C6CC918000D9960 /* AppDelegate.m */,
				53DB3B7C2C6CC918000D9960 /* SceneDelegate.h */,
				53DB3B7D2C6CC918000D9960 /* SceneDelegate.m */,
				53DB3B7F2C6CC918000D9960 /* ViewController.h */,
				53DB3B802C6CC918000D9960 /* ViewController.m */,
				53DB3B822C6CC918000D9960 /* Main.storyboard */,
				53DB3B852C6CC919000D9960 /* Assets.xcassets */,
				53DB3B872C6CC919000D9960 /* LaunchScreen.storyboard */,
				53DB3B8A2C6CC919000D9960 /* Info.plist */,
				53DB3B8B2C6CC919000D9960 /* main.m */,
			);
			path = xxtoastdemo;
			sourceTree = "<group>";
		};
		53DB3B942C6D9F02000D9960 /* XXToast */ = {
			isa = PBXGroup;
			children = (
				53DB3B922C6D9F02000D9960 /* XXToast.h */,
				53DB3B932C6D9F02000D9960 /* XXToast.m */,
			);
			path = XXToast;
			sourceTree = "<group>";
		};
/* End PBXGroup section */

/* Begin PBXNativeTarget section */
		53DB3B752C6CC918000D9960 /* xxtoastdemo */ = {
			isa = PBXNativeTarget;
			buildConfigurationList = 53DB3B8F2C6CC919000D9960 /* Build configuration list for PBXNativeTarget "xxtoastdemo" */;
			buildPhases = (
				53DB3B722C6CC918000D9960 /* Sources */,
				53DB3B732C6CC918000D9960 /* Frameworks */,
				53DB3B742C6CC918000D9960 /* Resources */,
			);
			buildRules = (
			);
			dependencies = (
			);
			name = xxtoastdemo;
			productName = xxtoastdemo;
			productReference = 53DB3B762C6CC918000D9960 /* xxtoastdemo.app */;
			productType = "com.apple.product-type.application";
		};
/* End PBXNativeTarget section */

/* Begin PBXProject section */
		53DB3B6E2C6CC918000D9960 /* Project object */ = {
			isa = PBXProject;
			attributes = {
				BuildIndependentTargetsInParallel = 1;
				LastUpgradeCheck = 1540;
				TargetAttributes = {
					53DB3B752C6CC918000D9960 = {
						CreatedOnToolsVersion = 15.4;
					};
				};
			};
			buildConfigurationList = 53DB3B712C6CC918000D9960 /* Build configuration list for PBXProject "xxtoastdemo" */;
			compatibilityVersion = "Xcode 14.0";
			developmentRegion = en;
			hasScannedForEncodings = 0;
			knownRegions = (
				en,
				Base,
			);
			mainGroup = 53DB3B6D2C6CC918000D9960;
			productRefGroup = 53DB3B772C6CC918000D9960 /* Products */;
			projectDirPath = "";
			projectRoot = "";
			targets = (
				53DB3B752C6CC918000D9960 /* xxtoastdemo */,
			);
		};
/* End PBXProject section */

/* Begin PBXResourcesBuildPhase section */
		53DB3B742C6CC918000D9960 /* Resources */ = {
			isa = PBXResourcesBuildPhase;
			buildActionMask = 2147483647;
			files = (
				53DB3B862C6CC919000D9960 /* Assets.xcassets in Resources */,
				53DB3B892C6CC919000D9960 /* Base in Resources */,
				53DB3B842C6CC918000D9960 /* Base in Resources */,
			);
			runOnlyForDeploymentPostprocessing = 0;
		};
/* End PBXResourcesBuildPhase section */

/* Begin PBXSourcesBuildPhase section */
		53DB3B722C6CC918000D9960 /* Sources */ = {
			isa = PBXSourcesBuildPhase;
			buildActionMask = 2147483647;
			files = (
				53DB3B952C6D9F02000D9960 /* XXToast.m in Sources */,
				53DB3B812C6CC918000D9960 /* ViewController.m in Sources */,
				53DB3B7B2C6CC918000D9960 /* AppDelegate.m in Sources */,
				53DB3B8C2C6CC919000D9960 /* main.m in Sources */,
				53DB3B7E2C6CC918000D9960 /* SceneDelegate.m in Sources */,
			);
			runOnlyForDeploymentPostprocessing = 0;
		};
/* End PBXSourcesBuildPhase section */

/* Begin PBXVariantGroup section */
		53DB3B822C6CC918000D9960 /* Main.storyboard */ = {
			isa = PBXVariantGroup;
			children = (
				53DB3B832C6CC918000D9960 /* Base */,
			);
			name = Main.storyboard;
			sourceTree = "<group>";
		};
		53DB3B872C6CC919000D9960 /* LaunchScreen.storyboard */ = {
			isa = PBXVariantGroup;
			children = (
				53DB3B882C6CC919000D9960 /* Base */,
			);
			name = LaunchScreen.storyboard;
			sourceTree = "<group>";
		};
/* End PBXVariantGroup section */

/* Begin XCBuildConfiguration section */
		53DB3B8D2C6CC919000D9960 /* Debug */ = {
			isa = XCBuildConfiguration;
			buildSettings = {
				ALWAYS_SEARCH_USER_PATHS = NO;
				ASSETCATALOG_COMPILER_GENERATE_SWIFT_ASSET_SYMBOL_EXTENSIONS = YES;
				CLANG_ANALYZER_NONNULL = YES;
				CLANG_ANALYZER_NUMBER_OBJECT_CONVERSION = YES_AGGRESSIVE;
				CLANG_CXX_LANGUAGE_STANDARD = "gnu++20";
				CLANG_ENABLE_MODULES = YES;
				CLANG_ENABLE_OBJC_ARC = YES;
				CLANG_ENABLE_OBJC_WEAK = YES;
				CLANG_WARN_BLOCK_CAPTURE_AUTORELEASING = YES;
				CLANG_WARN_BOOL_CONVERSION = YES;
				CLANG_WARN_COMMA = YES;
				CLANG_WARN_CONSTANT_CONVERSION = YES;
				CLANG_WARN_DEPRECATED_OBJC_IMPLEMENTATIONS = YES;
				CLANG_WARN_DIRECT_OBJC_ISA_USAGE = YES_ERROR;
				CLANG_WARN_DOCUMENTATION_COMMENTS = YES;
				CLANG_WARN_EMPTY_BODY = YES;
				CLANG_WARN_ENUM_CONVERSION = YES;
				CLANG_WARN_INFINITE_RECURSION = YES;
				CLANG_WARN_INT_CONVERSION = YES;
				CLANG_WARN_NON_LITERAL_NULL_CONVERSION = YES;
				CLANG_WARN_OBJC_IMPLICIT_RETAIN_SELF = YES;
				CLANG_WARN_OBJC_LITERAL_CONVERSION = YES;
				CLANG_WARN_OBJC_ROOT_CLASS = YES_ERROR;
				CLANG_WARN_QUOTED_INCLUDE_IN_FRAMEWORK_HEADER = YES;
				CLANG_WARN_RANGE_LOOP_ANALYSIS = YES;
				CLANG_WARN_STRICT_PROTOTYPES = YES;
				CLANG_WARN_SUSPICIOUS_MOVE = YES;
				CLANG_WARN_UNGUARDED_AVAILABILITY = YES_AGGRESSIVE;
				CLANG_WARN_UNREACHABLE_CODE = YES;
				CLANG_WARN__DUPLICATE_METHOD_MATCH = YES;
				COPY_PHASE_STRIP = NO;
				DEBUG_INFORMATION_FORMAT = dwarf;
				ENABLE_STRICT_OBJC_MSGSEND = YES;
				ENABLE_TESTABILITY = YES;
				ENABLE_USER_SCRIPT_SANDBOXING = YES;
				GCC_C_LANGUAGE_STANDARD = gnu17;
				GCC_DYNAMIC_NO_PIC = NO;
				GCC_NO_COMMON_BLOCKS = YES;
				GCC_OPTIMIZATION_LEVEL = 0;
				GCC_PREPROCESSOR_DEFINITIONS = (
					"DEBUG=1",
					"$(inherited)",
				);
				GCC_WARN_64_TO_32_BIT_CONVERSION = YES;
				GCC_WARN_ABOUT_RETURN_TYPE = YES_ERROR;
				GCC_WARN_UNDECLARED_SELECTOR = YES;
				GCC_WARN_UNINITIALIZED_AUTOS = YES_AGGRESSIVE;
				GCC_WARN_UNUSED_FUNCTION = YES;
				GCC_WARN_UNUSED_VARIABLE = YES;
				IPHONEOS_DEPLOYMENT_TARGET = 17.5;
				LOCALIZATION_PREFERS_STRING_CATALOGS = YES;
				MTL_ENABLE_DEBUG_INFO = INCLUDE_SOURCE;
				MTL_FAST_MATH = YES;
				ONLY_ACTIVE_ARCH = YES;
				SDKROOT = iphoneos;
			};
			name = Debug;
		};
		53DB3B8E2C6CC919000D9960 /* Release */ = {
			isa = XCBuildConfiguration;
			buildSettings = {
				ALWAYS_SEARCH_USER_PATHS = NO;
				ASSETCATALOG_COMPILER_GENERATE_SWIFT_ASSET_SYMBOL_EXTENSIONS = YES;
				CLANG_ANALYZER_NONNULL = YES;
				CLANG_ANALYZER_NUMBER_OBJECT_CONVERSION = YES_AGGRESSIVE;
				CLANG_CXX_LANGUAGE_STANDARD = "gnu++20";
				CLANG_ENABLE_MODULES = YES;
				CLANG_ENABLE_OBJC_ARC = YES;
				CLANG_ENABLE_OBJC_WEAK = YES;
				CLANG_WARN_BLOCK_CAPTURE_AUTORELEASING = YES;
				CLANG_WARN_BOOL_CONVERSION = YES;
				CLANG_WARN_COMMA = YES;
				CLANG_WARN_CONSTANT_CONVERSION = YES;
				CLANG_WARN_DEPRECATED_OBJC_IMPLEMENTATIONS = YES;
				CLANG_WARN_DIRECT_OBJC_ISA_USAGE = YES_ERROR;
				CLANG_WARN_DOCUMENTATION_COMMENTS = YES;
				CLANG_WARN_EMPTY_BODY = YES;
				CLANG_WARN_ENUM_CONVERSION = YES;
				CLANG_WARN_INFINITE_RECURSION = YES;
				CLANG_WARN_INT_CONVERSION = YES;
				CLANG_WARN_NON_LITERAL_NULL_CONVERSION = YES;
				CLANG_WARN_OBJC_IMPLICIT_RETAIN_SELF = YES;
				CLANG_WARN_OBJC_LITERAL_CONVERSION = YES;
				CLANG_WARN_OBJC_ROOT_CLASS = YES_ERROR;
				CLANG_WARN_QUOTED_INCLUDE_IN_FRAMEWORK_HEADER = YES;
				CLANG_WARN_RANGE_LOOP_ANALYSIS = YES;
				CLANG_WARN_STRICT_PROTOTYPES = YES;
				CLANG_WARN_SUSPICIOUS_MOVE = YES;
				CLANG_WARN_UNGUARDED_AVAILABILITY = YES_AGGRESSIVE;
				CLANG_WARN_UNREACHABLE_CODE = YES;
				CLANG_WARN__DUPLICATE_METHOD_MATCH = YES;
				COPY_PHASE_STRIP = NO;
				DEBUG_INFORMATION_FORMAT = "dwarf-with-dsym";
				ENABLE_NS_ASSERTIONS = NO;
				ENABLE_STRICT_OBJC_MSGSEND = YES;
				ENABLE_USER_SCRIPT_SANDBOXING = YES;
				GCC_C_LANGUAGE_STANDARD = gnu17;
				GCC_NO_COMMON_BLOCKS = YES;
				GCC_WARN_64_TO_32_BIT_CONVERSION = YES;
				GCC_WARN_ABOUT_RETURN_TYPE = YES_ERROR;
				GCC_WARN_UNDECLARED_SELECTOR = YES;
				GCC_WARN_UNINITIALIZED_AUTOS = YES_AGGRESSIVE;
				GCC_WARN_UNUSED_FUNCTION = YES;
				GCC_WARN_UNUSED_VARIABLE = YES;
				IPHONEOS_DEPLOYMENT_TARGET = 17.5;
				LOCALIZATION_PREFERS_STRING_CATALOGS = YES;
				MTL_ENABLE_DEBUG_INFO = NO;
				MTL_FAST_MATH = YES;
				SDKROOT = iphoneos;
				VALIDATE_PRODUCT = YES;
			};
			name = Release;
		};
		53DB3B902C6CC919000D9960 /* Debug */ = {
			isa = XCBuildConfiguration;
			buildSettings = {
				ASSETCATALOG_COMPILER_APPICON_NAME = AppIcon;
				ASSETCATALOG_COMPILER_GLOBAL_ACCENT_COLOR_NAME = AccentColor;
				CODE_SIGN_STYLE = Automatic;
				CURRENT_PROJECT_VERSION = 1;
				DEVELOPMENT_TEAM = 4U8VBPESRN;
				GENERATE_INFOPLIST_FILE = YES;
				INFOPLIST_FILE = xxtoastdemo/Info.plist;
				INFOPLIST_KEY_UIApplicationSupportsIndirectInputEvents = YES;
				INFOPLIST_KEY_UILaunchStoryboardName = LaunchScreen;
				INFOPLIST_KEY_UIMainStoryboardFile = Main;
				INFOPLIST_KEY_UISupportedInterfaceOrientations = UIInterfaceOrientationPortrait;
				IPHONEOS_DEPLOYMENT_TARGET = 13.0;
				LD_RUNPATH_SEARCH_PATHS = (
					"$(inherited)",
					"@executable_path/Frameworks",
				);
				MARKETING_VERSION = 1.0;
				PRODUCT_BUNDLE_IDENTIFIER = com.wxx.xxtoastdemo;
				PRODUCT_NAME = "$(TARGET_NAME)";
				SWIFT_EMIT_LOC_STRINGS = YES;
				TARGETED_DEVICE_FAMILY = "1,2";
			};
			name = Debug;
		};
		53DB3B912C6CC919000D9960 /* Release */ = {
			isa = XCBuildConfiguration;
			buildSettings = {
				ASSETCATALOG_COMPILER_APPICON_NAME = AppIcon;
				ASSETCATALOG_COMPILER_GLOBAL_ACCENT_COLOR_NAME = AccentColor;
				CODE_SIGN_STYLE = Automatic;
				CURRENT_PROJECT_VERSION = 1;
				DEVELOPMENT_TEAM = 4U8VBPESRN;
				GENERATE_INFOPLIST_FILE = YES;
				INFOPLIST_FILE = xxtoastdemo/Info.plist;
				INFOPLIST_KEY_UIApplicationSupportsIndirectInputEvents = YES;
				INFOPLIST_KEY_UILaunchStoryboardName = LaunchScreen;
				INFOPLIST_KEY_UIMainStoryboardFile = Main;
				INFOPLIST_KEY_UISupportedInterfaceOrientations = UIInterfaceOrientationPortrait;
				IPHONEOS_DEPLOYMENT_TARGET = 13.0;
				LD_RUNPATH_SEARCH_PATHS = (
					"$(inherited)",
					"@executable_path/Frameworks",
				);
				MARKETING_VERSION = 1.0;
				PRODUCT_BUNDLE_IDENTIFIER = com.wxx.xxtoastdemo;
				PRODUCT_NAME = "$(TARGET_NAME)";
				SWIFT_EMIT_LOC_STRINGS = YES;
				TARGETED_DEVICE_FAMILY = "1,2";
			};
			name = Release;
		};
/* End XCBuildConfiguration section */

/* Begin XCConfigurationList section */
		53DB3B712C6CC918000D9960 /* Build configuration list for PBXProject "xxtoastdemo" */ = {
			isa = XCConfigurationList;
			buildConfigurations = (
				53DB3B8D2C6CC919000D9960 /* Debug */,
				53DB3B8E2C6CC919000D9960 /* Release */,
			);
			defaultConfigurationIsVisible = 0;
			defaultConfigurationName = Release;
		};
		53DB3B8F2C6CC919000D9960 /* Build configuration list for PBXNativeTarget "xxtoastdemo" */ = {
			isa = XCConfigurationList;
			buildConfigurations = (
				53DB3B902C6CC919000D9960 /* Debug */,
				53DB3B912C6CC919000D9960 /* Release */,
			);
			defaultConfigurationIsVisible = 0;
			defaultConfigurationName = Release;
		};
/* End XCConfigurationList section */
	};
	rootObject = 53DB3B6E2C6CC918000D9960 /* Project object */;
}
